<?xml version="1.0" encoding="UTF-8"?>
<Scheme
   version = "1.3">
   <BuildAction>
      <BuildActionEntries>
         <BuildActionEntry
            buildForRunning = "YES">
            <BuildableReference
               BuildableIdentifier = "primary"
               BlueprintIdentifier = "52CEF20E2273C8A600AE1CCA"
               BuildableName = "FirstAppleProject.app"
               BlueprintName = "FirstAppleProject"
               ReferencedContainer = "container:FirstAppleProject.xcodeproj">
            </BuildableReference>
         </BuildActionEntry>
      </BuildActionEntries>
   </BuildAction>
   <LaunchAction
      useCustomWorkingDirectory = "NO"
      buildConfiguration = "Debug"
      allowLocationSimulation = "YES">
      <BuildableProductRunnable>
         <BuildableReference
            BuildableIdentifier = "primary"
            BlueprintIdentifier = "52CEF20E2273C8A600AE1CCA"
            BuildableName = "FirstAppleProject.app"
            BlueprintName = "FirstAppleProject"
            ReferencedContainer = "container:FirstAppleProject.xcodeproj">
         </BuildableReference>
      </BuildableProductRunnable>
   </LaunchAction>
</Scheme>
